
Microsoft Visual Studio Solution File, Format Version 12.00
# Visual Studio Version 17
VisualStudioVersion = 17.11.35327.3
MinimumVisualStudioVersion = 10.0.40219.1
Project("{9A19103F-16F7-4668-BE54-9A1E7A4F7556}") = "CodingTask.Data", "CodingTask.Data\CodingTask.Data.csproj", "{F8340651-05C3-45F0-8434-112A824D8564}"
EndProject
Project("{9A19103F-16F7-4668-BE54-9A1E7A4F7556}") = "CodingTask.Host", "CodingTask.Host\CodingTask.Host.csproj", "{821161E4-DC2A-47D7-99A3-CED3C778CFEC}"
EndProject
Project("{9A19103F-16F7-4668-BE54-9A1E7A4F7556}") = "CodingTask.Application", "CodingTask.Application\CodingTask.Application.csproj", "{EAA6D609-00A2-4D35-B06F-74BB7D8B0346}"
EndProject
Global
	GlobalSection(SolutionConfigurationPlatforms) = preSolution
		Debug|Any CPU = Debug|Any CPU
		Release|Any CPU = Release|Any CPU
	EndGlobalSection
	GlobalSection(ProjectConfigurationPlatforms) = postSolution
		{F8340651-05C3-45F0-8434-112A824D8564}.Debug|Any CPU.ActiveCfg = Debug|Any CPU
		{F8340651-05C3-45F0-8434-112A824D8564}.Debug|Any CPU.Build.0 = Debug|Any CPU
		{F8340651-05C3-45F0-8434-112A824D8564}.Release|Any CPU.ActiveCfg = Release|Any CPU
		{F8340651-05C3-45F0-8434-112A824D8564}.Release|Any CPU.Build.0 = Release|Any CPU
		{821161E4-DC2A-47D7-99A3-CED3C778CFEC}.Debug|Any CPU.ActiveCfg = Debug|Any CPU
		{821161E4-DC2A-47D7-99A3-CED3C778CFEC}.Debug|Any CPU.Build.0 = Debug|Any CPU
		{821161E4-DC2A-47D7-99A3-CED3C778CFEC}.Release|Any CPU.ActiveCfg = Release|Any CPU
		{821161E4-DC2A-47D7-99A3-CED3C778CFEC}.Release|Any CPU.Build.0 = Release|Any CPU
		{EAA6D609-00A2-4D35-B06F-74BB7D8B0346}.Debug|Any CPU.ActiveCfg = Debug|Any CPU
		{EAA6D609-00A2-4D35-B06F-74BB7D8B0346}.Debug|Any CPU.Build.0 = Debug|Any CPU
		{EAA6D609-00A2-4D35-B06F-74BB7D8B0346}.Release|Any CPU.ActiveCfg = Release|Any CPU
		{EAA6D609-00A2-4D35-B06F-74BB7D8B0346}.Release|Any CPU.Build.0 = Release|Any CPU
	EndGlobalSection
	GlobalSection(SolutionProperties) = preSolution
		HideSolutionNode = FALSE
	EndGlobalSection
	GlobalSection(ExtensibilityGlobals) = postSolution
		SolutionGuid = {12961400-C887-4678-BF3F-CAFB07D7E7A5}
	EndGlobalSection
EndGlobal
